
Microsoft Visual Studio Solution File, Format Version 12.00
# Visual Studio 14
VisualStudioVersion = 14.0.25123.0
MinimumVisualStudioVersion = 10.0.40219.1
Project("{8BC9CEB8-8B4A-11D0-8D11-00A0C91BC942}") = "ButtonLEDLDR", "ButtonLEDLDR\ButtonLEDLDR.vcxproj", "{37E081BA-4729-4F89-842B-2909BDE82556}"
EndProject
Project("{8BC9CEB8-8B4A-11D0-8D11-00A0C91BC942}") = "WorkshopComplete", "WorkshopComplete\WorkshopComplete.vcxproj", "{CA2E7BC6-8734-4EC0-AC4F-AEA4B568577D}"
EndProject
Project("{8BC9CEB8-8B4A-11D0-8D11-00A0C91BC942}") = "Sonoff", "Sonoff\Sonoff.vcxproj", "{E08CEE94-D3BF-4F90-A973-7B87A56FB248}"
EndProject
Global
	GlobalSection(SolutionConfigurationPlatforms) = preSolution
		Debug|x64 = Debug|x64
		Debug|x86 = Debug|x86
		Release|x64 = Release|x64
		Release|x86 = Release|x86
	EndGlobalSection
	GlobalSection(ProjectConfigurationPlatforms) = postSolution
		{37E081BA-4729-4F89-842B-2909BDE82556}.Debug|x64.ActiveCfg = Debug|x64
		{37E081BA-4729-4F89-842B-2909BDE82556}.Debug|x64.Build.0 = Debug|x64
		{37E081BA-4729-4F89-842B-2909BDE82556}.Debug|x86.ActiveCfg = Debug|Win32
		{37E081BA-4729-4F89-842B-2909BDE82556}.Debug|x86.Build.0 = Debug|Win32
		{37E081BA-4729-4F89-842B-2909BDE82556}.Release|x64.ActiveCfg = Release|x64
		{37E081BA-4729-4F89-842B-2909BDE82556}.Release|x64.Build.0 = Release|x64
		{37E081BA-4729-4F89-842B-2909BDE82556}.Release|x86.ActiveCfg = Release|Win32
		{37E081BA-4729-4F89-842B-2909BDE82556}.Release|x86.Build.0 = Release|Win32
		{CA2E7BC6-8734-4EC0-AC4F-AEA4B568577D}.Debug|x64.ActiveCfg = Debug|x64
		{CA2E7BC6-8734-4EC0-AC4F-AEA4B568577D}.Debug|x64.Build.0 = Debug|x64
		{CA2E7BC6-8734-4EC0-AC4F-AEA4B568577D}.Debug|x86.ActiveCfg = Debug|Win32
		{CA2E7BC6-8734-4EC0-AC4F-AEA4B568577D}.Debug|x86.Build.0 = Debug|Win32
		{CA2E7BC6-8734-4EC0-AC4F-AEA4B568577D}.Release|x64.ActiveCfg = Release|x64
		{CA2E7BC6-8734-4EC0-AC4F-AEA4B568577D}.Release|x64.Build.0 = Release|x64
		{CA2E7BC6-8734-4EC0-AC4F-AEA4B568577D}.Release|x86.ActiveCfg = Release|Win32
		{CA2E7BC6-8734-4EC0-AC4F-AEA4B568577D}.Release|x86.Build.0 = Release|Win32
		{E08CEE94-D3BF-4F90-A973-7B87A56FB248}.Debug|x64.ActiveCfg = Debug|x64
		{E08CEE94-D3BF-4F90-A973-7B87A56FB248}.Debug|x64.Build.0 = Debug|x64
		{E08CEE94-D3BF-4F90-A973-7B87A56FB248}.Debug|x86.ActiveCfg = Debug|Win32
		{E08CEE94-D3BF-4F90-A973-7B87A56FB248}.Debug|x86.Build.0 = Debug|Win32
		{E08CEE94-D3BF-4F90-A973-7B87A56FB248}.Release|x64.ActiveCfg = Release|x64
		{E08CEE94-D3BF-4F90-A973-7B87A56FB248}.Release|x64.Build.0 = Release|x64
		{E08CEE94-D3BF-4F90-A973-7B87A56FB248}.Release|x86.ActiveCfg = Release|Win32
		{E08CEE94-D3BF-4F90-A973-7B87A56FB248}.Release|x86.Build.0 = Release|Win32
	EndGlobalSection
	GlobalSection(SolutionProperties) = preSolution
		HideSolutionNode = FALSE
	EndGlobalSection
EndGlobal
